
Microsoft Visual Studio Solution File, Format Version 12.00
# Visual Studio Version 17
VisualStudioVersion = 17.13.35931.197 d17.13
MinimumVisualStudioVersion = 10.0.40219.1
Project("{FAE04EC0-301F-11D3-BF4B-00C04F79EFBC}") = "SRHINRecreate", "SRHINRecreate\SRHINRecreate.csproj", "{38FD006E-839F-484D-952D-45C84707DF29}"
EndProject
Global
	GlobalSection(SolutionConfigurationPlatforms) = preSolution
		Debug|Any CPU = Debug|Any CPU
		Release|Any CPU = Release|Any CPU
	EndGlobalSection
	GlobalSection(ProjectConfigurationPlatforms) = postSolution
		{38FD006E-839F-484D-952D-45C84707DF29}.Debug|Any CPU.ActiveCfg = Debug|Any CPU
		{38FD006E-839F-484D-952D-45C84707DF29}.Debug|Any CPU.Build.0 = Debug|Any CPU
		{38FD006E-839F-484D-952D-45C84707DF29}.Release|Any CPU.ActiveCfg = Release|Any CPU
		{38FD006E-839F-484D-952D-45C84707DF29}.Release|Any CPU.Build.0 = Release|Any CPU
	EndGlobalSection
	GlobalSection(SolutionProperties) = preSolution
		HideSolutionNode = FALSE
	EndGlobalSection
	GlobalSection(ExtensibilityGlobals) = postSolution
		SolutionGuid = {B046A142-40E4-4451-81BD-09ADAF66C0B8}
	EndGlobalSection
EndGlobal
